
Microsoft Visual Studio Solution File, Format Version 12.00
# Visual Studio 15
Project("{FAE04EC0-301F-11D3-BF4B-00C04F79EFBC}") = "r365-challenge-calculator", "r365-challenge-calculator\r365-challenge-calculator.csproj", "{C966CB9E-7C86-4469-BC99-E57910CAB7BE}"
EndProject
Global
	GlobalSection(SolutionConfigurationPlatforms) = preSolution
		Debug|anycpu = Debug|anycpu
		Release|anycpu = Release|anycpu
	EndGlobalSection
	GlobalSection(ProjectConfigurationPlatforms) = postSolution
		{C966CB9E-7C86-4469-BC99-E57910CAB7BE}.Debug|anycpu.ActiveCfg = Debug|anycpu
		{C966CB9E-7C86-4469-BC99-E57910CAB7BE}.Debug|anycpu.Build.0 = Debug|anycpu
		{C966CB9E-7C86-4469-BC99-E57910CAB7BE}.Release|anycpu.ActiveCfg = Release|anycpu
		{C966CB9E-7C86-4469-BC99-E57910CAB7BE}.Release|anycpu.Build.0 = Release|anycpu
	EndGlobalSection
EndGlobal
